
Microsoft Visual Studio Solution File, Format Version 12.00
# Visual Studio Version 17
VisualStudioVersion = 17.4.33205.214
MinimumVisualStudioVersion = 10.0.40219.1
Project("{9A19103F-16F7-4668-BE54-9A1E7A4F7556}") = "OdbcMemoryLeak", "OdbcMemoryLeak\OdbcMemoryLeak.csproj", "{DCD14303-F660-4DC9-8A09-E46050D744DA}"
EndProject
Project("{FAE04EC0-301F-11D3-BF4B-00C04F79EFBC}") = "OdbcMemoryLeak.Framework", "OdbcMemoryLeak.Framework\OdbcMemoryLeak.Framework.csproj", "{586F8B45-A560-4D24-A01C-6839F834EC9A}"
EndProject
Global
	GlobalSection(SolutionConfigurationPlatforms) = preSolution
		Debug|Any CPU = Debug|Any CPU
		Release|Any CPU = Release|Any CPU
	EndGlobalSection
	GlobalSection(ProjectConfigurationPlatforms) = postSolution
		{DCD14303-F660-4DC9-8A09-E46050D744DA}.Debug|Any CPU.ActiveCfg = Debug|Any CPU
		{DCD14303-F660-4DC9-8A09-E46050D744DA}.Debug|Any CPU.Build.0 = Debug|Any CPU
		{DCD14303-F660-4DC9-8A09-E46050D744DA}.Release|Any CPU.ActiveCfg = Release|Any CPU
		{DCD14303-F660-4DC9-8A09-E46050D744DA}.Release|Any CPU.Build.0 = Release|Any CPU
		{586F8B45-A560-4D24-A01C-6839F834EC9A}.Debug|Any CPU.ActiveCfg = Debug|Any CPU
		{586F8B45-A560-4D24-A01C-6839F834EC9A}.Debug|Any CPU.Build.0 = Debug|Any CPU
		{586F8B45-A560-4D24-A01C-6839F834EC9A}.Release|Any CPU.ActiveCfg = Release|Any CPU
		{586F8B45-A560-4D24-A01C-6839F834EC9A}.Release|Any CPU.Build.0 = Release|Any CPU
	EndGlobalSection
	GlobalSection(SolutionProperties) = preSolution
		HideSolutionNode = FALSE
	EndGlobalSection
	GlobalSection(ExtensibilityGlobals) = postSolution
		SolutionGuid = {0B81C128-5F6A-424D-842A-DCCA15A60B4A}
	EndGlobalSection
EndGlobal
